
Microsoft Visual Studio Solution File, Format Version 12.00
# Visual Studio 15
VisualStudioVersion = 15.0.26228.4
MinimumVisualStudioVersion = 10.0.40219.1
Project("{FAE04EC0-301F-11D3-BF4B-00C04F79EFBC}") = "Portal", "Portal\Portal.csproj", "{C98000E9-DAED-4F0B-AB4D-543BBEA07FCA}"
EndProject
Project("{FAE04EC0-301F-11D3-BF4B-00C04F79EFBC}") = "DehnadReceiveProcessorService", "DehnadReceiveProcessorService\DehnadReceiveProcessorService.csproj", "{37495619-2577-47B7-A46D-8DFEE103B653}"
EndProject
Project("{FAE04EC0-301F-11D3-BF4B-00C04F79EFBC}") = "DehnadMyLeagueService", "DehnadMyLeagueService\DehnadMyLeagueService.csproj", "{5B8177E6-5C7D-4503-8C44-2A9D83FD57D6}"
EndProject
Project("{FAE04EC0-301F-11D3-BF4B-00C04F79EFBC}") = "DehnadDanestanehService", "DehnadDanestanehService\DehnadDanestanehService.csproj", "{5C8177E6-5C7D-4503-8C44-2A9D83FD57D6}"
EndProject
Project("{FAE04EC0-301F-11D3-BF4B-00C04F79EFBC}") = "DehnadMobiligaService", "DehnadMobiligaService\DehnadMobiligaService.csproj", "{6C21D7E6-5C7D-4503-8C44-2A9D83FD5722}"
EndProject
Project("{FAE04EC0-301F-11D3-BF4B-00C04F79EFBC}") = "DehnadMashinBazhaService", "DehnadMashinBazhaService\DehnadMashinBazhaService.csproj", "{AC1147E6-5C7D-4503-8C44-2A9D83AC5452}"
EndProject
Project("{FAE04EC0-301F-11D3-BF4B-00C04F79EFBC}") = "DehnadSoltanService", "DehnadSoltanService\DehnadSoltanService.csproj", "{DE2157E6-5C7D-4503-8D24-2A9D83BC5122}"
EndProject
Project("{FAE04EC0-301F-11D3-BF4B-00C04F79EFBC}") = "DehnadTabriz2018Service", "DehnadTabriz2018Service\DehnadTabriz2018Service.csproj", "{AD235726-5C7D-4503-8D24-2A9D83BC5458}"
EndProject
Project("{FAE04EC0-301F-11D3-BF4B-00C04F79EFBC}") = "DehnadSepidRoodService", "DehnadSepidRoodService\DehnadSepidRoodService.csproj", "{BFA35722-5C7D-4503-8D24-2A9D83BC54BB}"
EndProject
Project("{FAE04EC0-301F-11D3-BF4B-00C04F79EFBC}") = "DehnadTirandaziService", "DehnadTirandaziService\DehnadTirandaziService.csproj", "{2AB42721-3C7F-2503-8D24-2A9D83DF5243}"
EndProject
Project("{FAE04EC0-301F-11D3-BF4B-00C04F79EFBC}") = "DehnadBimeKarbalaService", "DehnadBimeKarbalaService\DehnadBimeKarbalaService.csproj", "{36D28F8C-AE3C-44FA-9B8D-2478E4B9E6CC}"
EndProject
Project("{FAE04EC0-301F-11D3-BF4B-00C04F79EFBC}") = "DehnadDeliveryProcessorService", "DehnadDeliveryProcessorService\DehnadDeliveryProcessorService.csproj", "{46D28F7C-AE3C-44FA-9B8D-2478E4B9E4AA}"
EndProject
Project("{FAE04EC0-301F-11D3-BF4B-00C04F79EFBC}") = "DehnadBoatingService", "DehnadBoatingService\DehnadBoatingService.csproj", "{54D25F7C-AB3C-44FA-9B8D-2478E4B94321}"
EndProject
Project("{FAE04EC0-301F-11D3-BF4B-00C04F79EFBC}") = "DehnadDonyayeAsatirService", "DehnadDonyayeAsatirService\DehnadDonyayeAsatirService.csproj", "{26CD2F8D-AB6D-43FB-9B8D-2478E4B94124}"
EndProject
Project("{FAE04EC0-301F-11D3-BF4B-00C04F79EFBC}") = "DehnadShahreKalamehService", "DehnadShahreKalamehService\DehnadShahreKalamehService.csproj", "{5D2D1F8C-AB6D-43FB-9C8D-2378E4B94124}"
EndProject
Project("{FAE04EC0-301F-11D3-BF4B-00C04F79EFBC}") = "DehnadBimeIranService", "DehnadBimeIranService\DehnadBimeIranService.csproj", "{C36C124C-AB6D-43FB-9C8D-2378E4594132}"
EndProject
Project("{FAE04EC0-301F-11D3-BF4B-00C04F79EFBC}") = "DehnadSinglechargeDeliveryProcessorService", "DehnadSinglechargeDeliveryProcessorService\DehnadSinglechargeDeliveryProcessorService.csproj", "{136C135D-AB6D-43FB-9C8D-23783459413F}"
EndProject
Project("{FAE04EC0-301F-11D3-BF4B-00C04F79EFBC}") = "DehnadTamlyService", "DehnadTamlyService\DehnadTamlyService.csproj", "{23DC124C-AB6D-43FB-4C82-23C8E4F92135}"
EndProject
Project("{FAE04EC0-301F-11D3-BF4B-00C04F79EFBC}") = "DehnadJabehAbzarService", "DehnadJabehAbzarService\DehnadJabehAbzarService.csproj", "{D21C124C-AB6D-F3FB-9C2C-227FE2534535}"
EndProject
Project("{FAE04EC0-301F-11D3-BF4B-00C04F79EFBC}") = "DehnadShenoYadService", "DehnadShenoYadService\DehnadShenoYadService.csproj", "{C23C124D-1B6D-F3FB-9C2C-227FE2534512}"
EndProject
Project("{FAE04EC0-301F-11D3-BF4B-00C04F79EFBC}") = "DehnadFitShowService", "DehnadFitShowService\DehnadFitShowService.csproj", "{D43C223E-1B6D-F3FC-9C2C-22712D534558}"
EndProject
Project("{FAE04EC0-301F-11D3-BF4B-00C04F79EFBC}") = "DehnadTakavarService", "DehnadTakavarService\DehnadTakavarService.csproj", "{5C4C2534-176D-F3FC-9C2C-227128C345F1}"
EndProject
Project("{FAE04EC0-301F-11D3-BF4B-00C04F79EFBC}") = "DehnadMenchBazService", "DehnadMenchBazService\DehnadMenchBazService.csproj", "{2D452F34-176D-F3F1-AC2B-324128C345F1}"
EndProject
Project("{FAE04EC0-301F-11D3-BF4B-00C04F79EFBC}") = "DehnadAvvalPodService", "DehnadAvvalPodService\DehnadAvvalPodService.csproj", "{1C262F36-176F-A2F1-3C24-3B4123C345F5}"
EndProject
Project("{FAE04EC0-301F-11D3-BF4B-00C04F79EFBC}") = "DehnadAvvalYadService", "DehnadAvvalYadService\DehnadAvvalYadService.csproj", "{1D125336-175F-A2F1-3C23-3B4123C34523}"
EndProject
Project("{FAE04EC0-301F-11D3-BF4B-00C04F79EFBC}") = "DehnadIrancellTestService", "DehnadIrancellTestService\DehnadIrancellTestService.csproj", "{1D125336-1724-A2F1-3C23-3B452FC3452D}"
EndProject
Project("{FAE04EC0-301F-11D3-BF4B-00C04F79EFBC}") = "DehnadSoratyService", "DehnadSoratyService\DehnadSoratyService.csproj", "{1D121234-1D24-A2F1-3CD3-31452FC34525}"
EndProject
Project("{FAE04EC0-301F-11D3-BF4B-00C04F79EFBC}") = "PortalTester", "PortalTester\PortalTester.csproj", "{7D190C53-6694-40C8-8FBE-643C14771526}"
EndProject
Project("{FAE04EC0-301F-11D3-BF4B-00C04F79EFBC}") = "MyLeagueLibrary", "MyLeagueLibrary\MyLeagueLibrary.csproj", "{3097AECB-B184-4E33-8E50-605C31F7A8E8}"
EndProject
Project("{FAE04EC0-301F-11D3-BF4B-00C04F79EFBC}") = "SharedLibrary", "SharedLibrary\SharedLibrary.csproj", "{7C0F0F11-95BD-4606-9A8A-7249FB13A1EE}"
EndProject
Project("{FAE04EC0-301F-11D3-BF4B-00C04F79EFBC}") = "DanestanehLibrary", "DanestanehLibrary\DanestanehLibrary.csproj", "{23B71226-2C58-42EB-984D-0A57CD55842A}"
EndProject
Project("{FAE04EC0-301F-11D3-BF4B-00C04F79EFBC}") = "MobiligaLibrary", "MobiligaLibrary\MobiligaLibrary.csproj", "{23B71226-1D58-42EB-984D-0A57CD55842F}"
EndProject
Project("{FAE04EC0-301F-11D3-BF4B-00C04F79EFBC}") = "MashinBazhaLibrary", "MashinBazhaLibrary\MashinBazhaLibrary.csproj", "{11D7B226-1D58-42EB-984D-0A52CE554431}"
EndProject
Project("{FAE04EC0-301F-11D3-BF4B-00C04F79EFBC}") = "SoltanLibrary", "SoltanLibrary\SoltanLibrary.csproj", "{BAD74526-1C58-42EB-984D-0A52CE35412D}"
EndProject
Project("{FAE04EC0-301F-11D3-BF4B-00C04F79EFBC}") = "Tabriz2018Library", "Tabriz2018Library\Tabriz2018Library.csproj", "{5BD34522-2D58-42EB-984D-0A52CE35443A}"
EndProject
Project("{FAE04EC0-301F-11D3-BF4B-00C04F79EFBC}") = "SepidRoodLibrary", "SepidRoodLibrary\SepidRoodLibrary.csproj", "{21B32522-2D58-42FF-984D-0A52CE55142C}"
EndProject
Project("{FAE04EC0-301F-11D3-BF4B-00C04F79EFBC}") = "TirandaziLibrary", "TirandaziLibrary\TirandaziLibrary.csproj", "{45C21D1F-2D58-42FF-984D-02B5CE55243F}"
EndProject
Project("{FAE04EC0-301F-11D3-BF4B-00C04F79EFBC}") = "BimeKarbalaLibrary", "BimeKarbalaLibrary\BimeKarbalaLibrary.csproj", "{21DF1D13-2D38-42FF-984D-02B5CE4424D4}"
EndProject
Project("{FAE04EC0-301F-11D3-BF4B-00C04F79EFBC}") = "BoatingLibrary", "BoatingLibrary\BoatingLibrary.csproj", "{11BD1312-2D38-42FF-944D-02B5CE3457C1}"
EndProject
Project("{FAE04EC0-301F-11D3-BF4B-00C04F79EFBC}") = "DonyayeAsatirLibrary", "DonyayeAsatirLibrary\DonyayeAsatirLibrary.csproj", "{22CD1452-2D3F-4CF2-944D-02B5CE34F4D2}"
EndProject
Project("{FAE04EC0-301F-11D3-BF4B-00C04F79EFBC}") = "ShahreKalamehLibrary", "ShahreKalamehLibrary\ShahreKalamehLibrary.csproj", "{23BD342D-2D3F-4CF2-944D-02B5CE34242D}"
EndProject
Project("{FAE04EC0-301F-11D3-BF4B-00C04F79EFBC}") = "AppPortal", "AppPortal\AppPortal.csproj", "{A24E91F1-DE00-4EB1-A4FD-75D7EA3A5A71}"
EndProject
Project("{FAE04EC0-301F-11D3-BF4B-00C04F79EFBC}") = "BimeIranLibrary", "BimeIranLibrary\BimeIranLibrary.csproj", "{B23E2145-DE02-4EB1-A4FD-75D3AAB55361}"
EndProject
Project("{FAE04EC0-301F-11D3-BF4B-00C04F79EFBC}") = "DehnadWcfService", "DehnadWcfService\DehnadWcfService.csproj", "{341583A4-A928-48CE-8438-C197553E72FE}"
EndProject
Project("{FAE04EC0-301F-11D3-BF4B-00C04F79EFBC}") = "TamlyLibrary", "TamlyLibrary\TamlyLibrary.csproj", "{412D2155-DE02-4EB1-ACFD-75D3AAB55364}"
EndProject
Project("{FAE04EC0-301F-11D3-BF4B-00C04F79EFBC}") = "JabehAbzarLibrary", "JabehAbzarLibrary\JabehAbzarLibrary.csproj", "{5D2C145C-DE02-4EB1-ACFC-45D2AAB5536F}"
EndProject
Project("{FAE04EC0-301F-11D3-BF4B-00C04F79EFBC}") = "ShenoYadLibrary", "ShenoYadLibrary\ShenoYadLibrary.csproj", "{2C2C445D-3E02-4EB1-ACFC-45D2AAB5556B}"
EndProject
Project("{FAE04EC0-301F-11D3-BF4B-00C04F79EFBC}") = "FitShowLibrary", "FitShowLibrary\FitShowLibrary.csproj", "{4D21455D-3E0F-2EB1-ACFC-45D2AAB5124C}"
EndProject
Project("{FAE04EC0-301F-11D3-BF4B-00C04F79EFBC}") = "TakavarLibrary", "TakavarLibrary\TakavarLibrary.csproj", "{52C36255-330F-25B1-ABF2-4DD22AB523A1}"
EndProject
Project("{FAE04EC0-301F-11D3-BF4B-00C04F79EFBC}") = "MenchBazLibrary", "MenchBazLibrary\MenchBazLibrary.csproj", "{B233A221-33D1-B521-2B42-4DD22A4523B4}"
EndProject
Project("{FAE04EC0-301F-11D3-BF4B-00C04F79EFBC}") = "AvvalPodLibrary", "AvvalPodLibrary\AvvalPodLibrary.csproj", "{C125A251-33F1-C524-2B22-4BD25F4D2312}"
EndProject
Project("{FAE04EC0-301F-11D3-BF4B-00C04F79EFBC}") = "AvvalYadLibrary", "AvvalYadLibrary\AvvalYadLibrary.csproj", "{C113B241-33F5-C224-2122-4BC23F4D235F}"
EndProject
Project("{FAE04EC0-301F-11D3-BF4B-00C04F79EFBC}") = "IrancellTestLibrary", "IrancellTestLibrary\IrancellTestLibrary.csproj", "{D112BF46-33F5-C224-2122-4BC23F4D2122}"
EndProject
Project("{FAE04EC0-301F-11D3-BF4B-00C04F79EFBC}") = "SoratyLibrary", "SoratyLibrary\SoratyLibrary.csproj", "{D124B1F6-3BF5-2124-5172-1BC23F4D216C}"
EndProject
Global
	GlobalSection(SolutionConfigurationPlatforms) = preSolution
		Debug|Any CPU = Debug|Any CPU
		Release|Any CPU = Release|Any CPU
	EndGlobalSection
	GlobalSection(ProjectConfigurationPlatforms) = postSolution
		{C98000E9-DAED-4F0B-AB4D-543BBEA07FCA}.Debug|Any CPU.ActiveCfg = Debug|Any CPU
		{C98000E9-DAED-4F0B-AB4D-543BBEA07FCA}.Debug|Any CPU.Build.0 = Debug|Any CPU
		{C98000E9-DAED-4F0B-AB4D-543BBEA07FCA}.Release|Any CPU.ActiveCfg = Release|Any CPU
		{C98000E9-DAED-4F0B-AB4D-543BBEA07FCA}.Release|Any CPU.Build.0 = Release|Any CPU
		{37495619-2577-47B7-A46D-8DFEE103B653}.Debug|Any CPU.ActiveCfg = Debug|Any CPU
		{37495619-2577-47B7-A46D-8DFEE103B653}.Debug|Any CPU.Build.0 = Debug|Any CPU
		{37495619-2577-47B7-A46D-8DFEE103B653}.Release|Any CPU.ActiveCfg = Release|Any CPU
		{37495619-2577-47B7-A46D-8DFEE103B653}.Release|Any CPU.Build.0 = Release|Any CPU
		{5B8177E6-5C7D-4503-8C44-2A9D83FD57D6}.Debug|Any CPU.ActiveCfg = Debug|Any CPU
		{5B8177E6-5C7D-4503-8C44-2A9D83FD57D6}.Debug|Any CPU.Build.0 = Debug|Any CPU
		{5B8177E6-5C7D-4503-8C44-2A9D83FD57D6}.Release|Any CPU.ActiveCfg = Release|Any CPU
		{5B8177E6-5C7D-4503-8C44-2A9D83FD57D6}.Release|Any CPU.Build.0 = Release|Any CPU
		{5C8177E6-5C7D-4503-8C44-2A9D83FD57D6}.Debug|Any CPU.ActiveCfg = Debug|Any CPU
		{5C8177E6-5C7D-4503-8C44-2A9D83FD57D6}.Debug|Any CPU.Build.0 = Debug|Any CPU
		{5C8177E6-5C7D-4503-8C44-2A9D83FD57D6}.Release|Any CPU.ActiveCfg = Release|Any CPU
		{5C8177E6-5C7D-4503-8C44-2A9D83FD57D6}.Release|Any CPU.Build.0 = Release|Any CPU
		{6C21D7E6-5C7D-4503-8C44-2A9D83FD5722}.Debug|Any CPU.ActiveCfg = Debug|Any CPU
		{6C21D7E6-5C7D-4503-8C44-2A9D83FD5722}.Debug|Any CPU.Build.0 = Debug|Any CPU
		{6C21D7E6-5C7D-4503-8C44-2A9D83FD5722}.Release|Any CPU.ActiveCfg = Release|Any CPU
		{6C21D7E6-5C7D-4503-8C44-2A9D83FD5722}.Release|Any CPU.Build.0 = Release|Any CPU
		{AC1147E6-5C7D-4503-8C44-2A9D83AC5452}.Debug|Any CPU.ActiveCfg = Debug|Any CPU
		{AC1147E6-5C7D-4503-8C44-2A9D83AC5452}.Debug|Any CPU.Build.0 = Debug|Any CPU
		{AC1147E6-5C7D-4503-8C44-2A9D83AC5452}.Release|Any CPU.ActiveCfg = Release|Any CPU
		{AC1147E6-5C7D-4503-8C44-2A9D83AC5452}.Release|Any CPU.Build.0 = Release|Any CPU
		{DE2157E6-5C7D-4503-8D24-2A9D83BC5122}.Debug|Any CPU.ActiveCfg = Debug|Any CPU
		{DE2157E6-5C7D-4503-8D24-2A9D83BC5122}.Debug|Any CPU.Build.0 = Debug|Any CPU
		{DE2157E6-5C7D-4503-8D24-2A9D83BC5122}.Release|Any CPU.ActiveCfg = Release|Any CPU
		{DE2157E6-5C7D-4503-8D24-2A9D83BC5122}.Release|Any CPU.Build.0 = Release|Any CPU
		{AD235726-5C7D-4503-8D24-2A9D83BC5458}.Debug|Any CPU.ActiveCfg = Debug|Any CPU
		{AD235726-5C7D-4503-8D24-2A9D83BC5458}.Debug|Any CPU.Build.0 = Debug|Any CPU
		{AD235726-5C7D-4503-8D24-2A9D83BC5458}.Release|Any CPU.ActiveCfg = Release|Any CPU
		{AD235726-5C7D-4503-8D24-2A9D83BC5458}.Release|Any CPU.Build.0 = Release|Any CPU
		{BFA35722-5C7D-4503-8D24-2A9D83BC54BB}.Debug|Any CPU.ActiveCfg = Debug|Any CPU
		{BFA35722-5C7D-4503-8D24-2A9D83BC54BB}.Debug|Any CPU.Build.0 = Debug|Any CPU
		{BFA35722-5C7D-4503-8D24-2A9D83BC54BB}.Release|Any CPU.ActiveCfg = Release|Any CPU
		{BFA35722-5C7D-4503-8D24-2A9D83BC54BB}.Release|Any CPU.Build.0 = Release|Any CPU
		{2AB42721-3C7F-2503-8D24-2A9D83DF5243}.Debug|Any CPU.ActiveCfg = Debug|Any CPU
		{2AB42721-3C7F-2503-8D24-2A9D83DF5243}.Debug|Any CPU.Build.0 = Debug|Any CPU
		{2AB42721-3C7F-2503-8D24-2A9D83DF5243}.Release|Any CPU.ActiveCfg = Release|Any CPU
		{2AB42721-3C7F-2503-8D24-2A9D83DF5243}.Release|Any CPU.Build.0 = Release|Any CPU
		{36D28F8C-AE3C-44FA-9B8D-2478E4B9E6CC}.Debug|Any CPU.ActiveCfg = Debug|Any CPU
		{36D28F8C-AE3C-44FA-9B8D-2478E4B9E6CC}.Debug|Any CPU.Build.0 = Debug|Any CPU
		{36D28F8C-AE3C-44FA-9B8D-2478E4B9E6CC}.Release|Any CPU.ActiveCfg = Release|Any CPU
		{36D28F8C-AE3C-44FA-9B8D-2478E4B9E6CC}.Release|Any CPU.Build.0 = Release|Any CPU
		{46D28F7C-AE3C-44FA-9B8D-2478E4B9E4AA}.Debug|Any CPU.ActiveCfg = Debug|Any CPU
		{46D28F7C-AE3C-44FA-9B8D-2478E4B9E4AA}.Debug|Any CPU.Build.0 = Debug|Any CPU
		{46D28F7C-AE3C-44FA-9B8D-2478E4B9E4AA}.Release|Any CPU.ActiveCfg = Release|Any CPU
		{46D28F7C-AE3C-44FA-9B8D-2478E4B9E4AA}.Release|Any CPU.Build.0 = Release|Any CPU
		{54D25F7C-AB3C-44FA-9B8D-2478E4B94321}.Debug|Any CPU.ActiveCfg = Debug|Any CPU
		{54D25F7C-AB3C-44FA-9B8D-2478E4B94321}.Debug|Any CPU.Build.0 = Debug|Any CPU
		{54D25F7C-AB3C-44FA-9B8D-2478E4B94321}.Release|Any CPU.ActiveCfg = Release|Any CPU
		{54D25F7C-AB3C-44FA-9B8D-2478E4B94321}.Release|Any CPU.Build.0 = Release|Any CPU
		{26CD2F8D-AB6D-43FB-9B8D-2478E4B94124}.Debug|Any CPU.ActiveCfg = Debug|Any CPU
		{26CD2F8D-AB6D-43FB-9B8D-2478E4B94124}.Debug|Any CPU.Build.0 = Debug|Any CPU
		{26CD2F8D-AB6D-43FB-9B8D-2478E4B94124}.Release|Any CPU.ActiveCfg = Release|Any CPU
		{26CD2F8D-AB6D-43FB-9B8D-2478E4B94124}.Release|Any CPU.Build.0 = Release|Any CPU
		{5D2D1F8C-AB6D-43FB-9C8D-2378E4B94124}.Debug|Any CPU.ActiveCfg = Debug|Any CPU
		{5D2D1F8C-AB6D-43FB-9C8D-2378E4B94124}.Debug|Any CPU.Build.0 = Debug|Any CPU
		{5D2D1F8C-AB6D-43FB-9C8D-2378E4B94124}.Release|Any CPU.ActiveCfg = Release|Any CPU
		{5D2D1F8C-AB6D-43FB-9C8D-2378E4B94124}.Release|Any CPU.Build.0 = Release|Any CPU
		{C36C124C-AB6D-43FB-9C8D-2378E4594132}.Debug|Any CPU.ActiveCfg = Debug|Any CPU
		{C36C124C-AB6D-43FB-9C8D-2378E4594132}.Debug|Any CPU.Build.0 = Debug|Any CPU
		{C36C124C-AB6D-43FB-9C8D-2378E4594132}.Release|Any CPU.ActiveCfg = Release|Any CPU
		{C36C124C-AB6D-43FB-9C8D-2378E4594132}.Release|Any CPU.Build.0 = Release|Any CPU
		{136C135D-AB6D-43FB-9C8D-23783459413F}.Debug|Any CPU.ActiveCfg = Debug|Any CPU
		{136C135D-AB6D-43FB-9C8D-23783459413F}.Debug|Any CPU.Build.0 = Debug|Any CPU
		{136C135D-AB6D-43FB-9C8D-23783459413F}.Release|Any CPU.ActiveCfg = Release|Any CPU
		{136C135D-AB6D-43FB-9C8D-23783459413F}.Release|Any CPU.Build.0 = Release|Any CPU
		{23DC124C-AB6D-43FB-4C82-23C8E4F92135}.Debug|Any CPU.ActiveCfg = Debug|Any CPU
		{23DC124C-AB6D-43FB-4C82-23C8E4F92135}.Debug|Any CPU.Build.0 = Debug|Any CPU
		{23DC124C-AB6D-43FB-4C82-23C8E4F92135}.Release|Any CPU.ActiveCfg = Release|Any CPU
		{23DC124C-AB6D-43FB-4C82-23C8E4F92135}.Release|Any CPU.Build.0 = Release|Any CPU
		{D21C124C-AB6D-F3FB-9C2C-227FE2534535}.Debug|Any CPU.ActiveCfg = Debug|Any CPU
		{D21C124C-AB6D-F3FB-9C2C-227FE2534535}.Debug|Any CPU.Build.0 = Debug|Any CPU
		{D21C124C-AB6D-F3FB-9C2C-227FE2534535}.Release|Any CPU.ActiveCfg = Release|Any CPU
		{D21C124C-AB6D-F3FB-9C2C-227FE2534535}.Release|Any CPU.Build.0 = Release|Any CPU
		{C23C124D-1B6D-F3FB-9C2C-227FE2534512}.Debug|Any CPU.ActiveCfg = Debug|Any CPU
		{C23C124D-1B6D-F3FB-9C2C-227FE2534512}.Debug|Any CPU.Build.0 = Debug|Any CPU
		{C23C124D-1B6D-F3FB-9C2C-227FE2534512}.Release|Any CPU.ActiveCfg = Release|Any CPU
		{C23C124D-1B6D-F3FB-9C2C-227FE2534512}.Release|Any CPU.Build.0 = Release|Any CPU
		{D43C223E-1B6D-F3FC-9C2C-22712D534558}.Debug|Any CPU.ActiveCfg = Debug|Any CPU
		{D43C223E-1B6D-F3FC-9C2C-22712D534558}.Debug|Any CPU.Build.0 = Debug|Any CPU
		{D43C223E-1B6D-F3FC-9C2C-22712D534558}.Release|Any CPU.ActiveCfg = Release|Any CPU
		{D43C223E-1B6D-F3FC-9C2C-22712D534558}.Release|Any CPU.Build.0 = Release|Any CPU
		{5C4C2534-176D-F3FC-9C2C-227128C345F1}.Debug|Any CPU.ActiveCfg = Debug|Any CPU
		{5C4C2534-176D-F3FC-9C2C-227128C345F1}.Debug|Any CPU.Build.0 = Debug|Any CPU
		{5C4C2534-176D-F3FC-9C2C-227128C345F1}.Release|Any CPU.ActiveCfg = Release|Any CPU
		{5C4C2534-176D-F3FC-9C2C-227128C345F1}.Release|Any CPU.Build.0 = Release|Any CPU
		{2D452F34-176D-F3F1-AC2B-324128C345F1}.Debug|Any CPU.ActiveCfg = Debug|Any CPU
		{2D452F34-176D-F3F1-AC2B-324128C345F1}.Debug|Any CPU.Build.0 = Debug|Any CPU
		{2D452F34-176D-F3F1-AC2B-324128C345F1}.Release|Any CPU.ActiveCfg = Release|Any CPU
		{2D452F34-176D-F3F1-AC2B-324128C345F1}.Release|Any CPU.Build.0 = Release|Any CPU
		{1C262F36-176F-A2F1-3C24-3B4123C345F5}.Debug|Any CPU.ActiveCfg = Debug|Any CPU
		{1C262F36-176F-A2F1-3C24-3B4123C345F5}.Debug|Any CPU.Build.0 = Debug|Any CPU
		{1C262F36-176F-A2F1-3C24-3B4123C345F5}.Release|Any CPU.ActiveCfg = Release|Any CPU
		{1C262F36-176F-A2F1-3C24-3B4123C345F5}.Release|Any CPU.Build.0 = Release|Any CPU
		{1D125336-175F-A2F1-3C23-3B4123C34523}.Debug|Any CPU.ActiveCfg = Debug|Any CPU
		{1D125336-175F-A2F1-3C23-3B4123C34523}.Debug|Any CPU.Build.0 = Debug|Any CPU
		{1D125336-175F-A2F1-3C23-3B4123C34523}.Release|Any CPU.ActiveCfg = Release|Any CPU
		{1D125336-175F-A2F1-3C23-3B4123C34523}.Release|Any CPU.Build.0 = Release|Any CPU
		{1D125336-1724-A2F1-3C23-3B452FC3452D}.Debug|Any CPU.ActiveCfg = Debug|Any CPU
		{1D125336-1724-A2F1-3C23-3B452FC3452D}.Debug|Any CPU.Build.0 = Debug|Any CPU
		{1D125336-1724-A2F1-3C23-3B452FC3452D}.Release|Any CPU.ActiveCfg = Release|Any CPU
		{1D125336-1724-A2F1-3C23-3B452FC3452D}.Release|Any CPU.Build.0 = Release|Any CPU
		{1D121234-1D24-A2F1-3CD3-31452FC34525}.Debug|Any CPU.ActiveCfg = Debug|Any CPU
		{1D121234-1D24-A2F1-3CD3-31452FC34525}.Debug|Any CPU.Build.0 = Debug|Any CPU
		{1D121234-1D24-A2F1-3CD3-31452FC34525}.Release|Any CPU.ActiveCfg = Release|Any CPU
		{1D121234-1D24-A2F1-3CD3-31452FC34525}.Release|Any CPU.Build.0 = Release|Any CPU
		{7D190C53-6694-40C8-8FBE-643C14771526}.Debug|Any CPU.ActiveCfg = Debug|Any CPU
		{7D190C53-6694-40C8-8FBE-643C14771526}.Debug|Any CPU.Build.0 = Debug|Any CPU
		{7D190C53-6694-40C8-8FBE-643C14771526}.Release|Any CPU.ActiveCfg = Release|Any CPU
		{7D190C53-6694-40C8-8FBE-643C14771526}.Release|Any CPU.Build.0 = Release|Any CPU
		{3097AECB-B184-4E33-8E50-605C31F7A8E8}.Debug|Any CPU.ActiveCfg = Debug|Any CPU
		{3097AECB-B184-4E33-8E50-605C31F7A8E8}.Debug|Any CPU.Build.0 = Debug|Any CPU
		{3097AECB-B184-4E33-8E50-605C31F7A8E8}.Release|Any CPU.ActiveCfg = Release|Any CPU
		{3097AECB-B184-4E33-8E50-605C31F7A8E8}.Release|Any CPU.Build.0 = Release|Any CPU
		{7C0F0F11-95BD-4606-9A8A-7249FB13A1EE}.Debug|Any CPU.ActiveCfg = Debug|Any CPU
		{7C0F0F11-95BD-4606-9A8A-7249FB13A1EE}.Debug|Any CPU.Build.0 = Debug|Any CPU
		{7C0F0F11-95BD-4606-9A8A-7249FB13A1EE}.Release|Any CPU.ActiveCfg = Release|Any CPU
		{7C0F0F11-95BD-4606-9A8A-7249FB13A1EE}.Release|Any CPU.Build.0 = Release|Any CPU
		{23B71226-2C58-42EB-984D-0A57CD55842A}.Debug|Any CPU.ActiveCfg = Debug|Any CPU
		{23B71226-2C58-42EB-984D-0A57CD55842A}.Debug|Any CPU.Build.0 = Debug|Any CPU
		{23B71226-2C58-42EB-984D-0A57CD55842A}.Release|Any CPU.ActiveCfg = Release|Any CPU
		{23B71226-2C58-42EB-984D-0A57CD55842A}.Release|Any CPU.Build.0 = Release|Any CPU
		{23B71226-1D58-42EB-984D-0A57CD55842F}.Debug|Any CPU.ActiveCfg = Debug|Any CPU
		{23B71226-1D58-42EB-984D-0A57CD55842F}.Debug|Any CPU.Build.0 = Debug|Any CPU
		{23B71226-1D58-42EB-984D-0A57CD55842F}.Release|Any CPU.ActiveCfg = Release|Any CPU
		{23B71226-1D58-42EB-984D-0A57CD55842F}.Release|Any CPU.Build.0 = Release|Any CPU
		{11D7B226-1D58-42EB-984D-0A52CE554431}.Debug|Any CPU.ActiveCfg = Debug|Any CPU
		{11D7B226-1D58-42EB-984D-0A52CE554431}.Debug|Any CPU.Build.0 = Debug|Any CPU
		{11D7B226-1D58-42EB-984D-0A52CE554431}.Release|Any CPU.ActiveCfg = Release|Any CPU
		{11D7B226-1D58-42EB-984D-0A52CE554431}.Release|Any CPU.Build.0 = Release|Any CPU
		{BAD74526-1C58-42EB-984D-0A52CE35412D}.Debug|Any CPU.ActiveCfg = Debug|Any CPU
		{BAD74526-1C58-42EB-984D-0A52CE35412D}.Debug|Any CPU.Build.0 = Debug|Any CPU
		{BAD74526-1C58-42EB-984D-0A52CE35412D}.Release|Any CPU.ActiveCfg = Release|Any CPU
		{BAD74526-1C58-42EB-984D-0A52CE35412D}.Release|Any CPU.Build.0 = Release|Any CPU
		{5BD34522-2D58-42EB-984D-0A52CE35443A}.Debug|Any CPU.ActiveCfg = Debug|Any CPU
		{5BD34522-2D58-42EB-984D-0A52CE35443A}.Debug|Any CPU.Build.0 = Debug|Any CPU
		{5BD34522-2D58-42EB-984D-0A52CE35443A}.Release|Any CPU.ActiveCfg = Release|Any CPU
		{5BD34522-2D58-42EB-984D-0A52CE35443A}.Release|Any CPU.Build.0 = Release|Any CPU
		{21B32522-2D58-42FF-984D-0A52CE55142C}.Debug|Any CPU.ActiveCfg = Debug|Any CPU
		{21B32522-2D58-42FF-984D-0A52CE55142C}.Debug|Any CPU.Build.0 = Debug|Any CPU
		{21B32522-2D58-42FF-984D-0A52CE55142C}.Release|Any CPU.ActiveCfg = Release|Any CPU
		{21B32522-2D58-42FF-984D-0A52CE55142C}.Release|Any CPU.Build.0 = Release|Any CPU
		{45C21D1F-2D58-42FF-984D-02B5CE55243F}.Debug|Any CPU.ActiveCfg = Debug|Any CPU
		{45C21D1F-2D58-42FF-984D-02B5CE55243F}.Debug|Any CPU.Build.0 = Debug|Any CPU
		{45C21D1F-2D58-42FF-984D-02B5CE55243F}.Release|Any CPU.ActiveCfg = Release|Any CPU
		{45C21D1F-2D58-42FF-984D-02B5CE55243F}.Release|Any CPU.Build.0 = Release|Any CPU
		{21DF1D13-2D38-42FF-984D-02B5CE4424D4}.Debug|Any CPU.ActiveCfg = Debug|Any CPU
		{21DF1D13-2D38-42FF-984D-02B5CE4424D4}.Debug|Any CPU.Build.0 = Debug|Any CPU
		{21DF1D13-2D38-42FF-984D-02B5CE4424D4}.Release|Any CPU.ActiveCfg = Release|Any CPU
		{21DF1D13-2D38-42FF-984D-02B5CE4424D4}.Release|Any CPU.Build.0 = Release|Any CPU
		{11BD1312-2D38-42FF-944D-02B5CE3457C1}.Debug|Any CPU.ActiveCfg = Debug|Any CPU
		{11BD1312-2D38-42FF-944D-02B5CE3457C1}.Debug|Any CPU.Build.0 = Debug|Any CPU
		{11BD1312-2D38-42FF-944D-02B5CE3457C1}.Release|Any CPU.ActiveCfg = Release|Any CPU
		{11BD1312-2D38-42FF-944D-02B5CE3457C1}.Release|Any CPU.Build.0 = Release|Any CPU
		{22CD1452-2D3F-4CF2-944D-02B5CE34F4D2}.Debug|Any CPU.ActiveCfg = Debug|Any CPU
		{22CD1452-2D3F-4CF2-944D-02B5CE34F4D2}.Debug|Any CPU.Build.0 = Debug|Any CPU
		{22CD1452-2D3F-4CF2-944D-02B5CE34F4D2}.Release|Any CPU.ActiveCfg = Release|Any CPU
		{22CD1452-2D3F-4CF2-944D-02B5CE34F4D2}.Release|Any CPU.Build.0 = Release|Any CPU
		{23BD342D-2D3F-4CF2-944D-02B5CE34242D}.Debug|Any CPU.ActiveCfg = Debug|Any CPU
		{23BD342D-2D3F-4CF2-944D-02B5CE34242D}.Debug|Any CPU.Build.0 = Debug|Any CPU
		{23BD342D-2D3F-4CF2-944D-02B5CE34242D}.Release|Any CPU.ActiveCfg = Release|Any CPU
		{23BD342D-2D3F-4CF2-944D-02B5CE34242D}.Release|Any CPU.Build.0 = Release|Any CPU
		{A24E91F1-DE00-4EB1-A4FD-75D7EA3A5A71}.Debug|Any CPU.ActiveCfg = Debug|Any CPU
		{A24E91F1-DE00-4EB1-A4FD-75D7EA3A5A71}.Debug|Any CPU.Build.0 = Debug|Any CPU
		{A24E91F1-DE00-4EB1-A4FD-75D7EA3A5A71}.Release|Any CPU.ActiveCfg = Release|Any CPU
		{A24E91F1-DE00-4EB1-A4FD-75D7EA3A5A71}.Release|Any CPU.Build.0 = Release|Any CPU
		{B23E2145-DE02-4EB1-A4FD-75D3AAB55361}.Debug|Any CPU.ActiveCfg = Debug|Any CPU
		{B23E2145-DE02-4EB1-A4FD-75D3AAB55361}.Debug|Any CPU.Build.0 = Debug|Any CPU
		{B23E2145-DE02-4EB1-A4FD-75D3AAB55361}.Release|Any CPU.ActiveCfg = Release|Any CPU
		{B23E2145-DE02-4EB1-A4FD-75D3AAB55361}.Release|Any CPU.Build.0 = Release|Any CPU
		{341583A4-A928-48CE-8438-C197553E72FE}.Debug|Any CPU.ActiveCfg = Debug|Any CPU
		{341583A4-A928-48CE-8438-C197553E72FE}.Debug|Any CPU.Build.0 = Debug|Any CPU
		{341583A4-A928-48CE-8438-C197553E72FE}.Release|Any CPU.ActiveCfg = Release|Any CPU
		{341583A4-A928-48CE-8438-C197553E72FE}.Release|Any CPU.Build.0 = Release|Any CPU
		{412D2155-DE02-4EB1-ACFD-75D3AAB55364}.Debug|Any CPU.ActiveCfg = Debug|Any CPU
		{412D2155-DE02-4EB1-ACFD-75D3AAB55364}.Debug|Any CPU.Build.0 = Debug|Any CPU
		{412D2155-DE02-4EB1-ACFD-75D3AAB55364}.Release|Any CPU.ActiveCfg = Release|Any CPU
		{412D2155-DE02-4EB1-ACFD-75D3AAB55364}.Release|Any CPU.Build.0 = Release|Any CPU
		{5D2C145C-DE02-4EB1-ACFC-45D2AAB5536F}.Debug|Any CPU.ActiveCfg = Debug|Any CPU
		{5D2C145C-DE02-4EB1-ACFC-45D2AAB5536F}.Debug|Any CPU.Build.0 = Debug|Any CPU
		{5D2C145C-DE02-4EB1-ACFC-45D2AAB5536F}.Release|Any CPU.ActiveCfg = Release|Any CPU
		{5D2C145C-DE02-4EB1-ACFC-45D2AAB5536F}.Release|Any CPU.Build.0 = Release|Any CPU
		{2C2C445D-3E02-4EB1-ACFC-45D2AAB5556B}.Debug|Any CPU.ActiveCfg = Debug|Any CPU
		{2C2C445D-3E02-4EB1-ACFC-45D2AAB5556B}.Debug|Any CPU.Build.0 = Debug|Any CPU
		{2C2C445D-3E02-4EB1-ACFC-45D2AAB5556B}.Release|Any CPU.ActiveCfg = Release|Any CPU
		{2C2C445D-3E02-4EB1-ACFC-45D2AAB5556B}.Release|Any CPU.Build.0 = Release|Any CPU
		{4D21455D-3E0F-2EB1-ACFC-45D2AAB5124C}.Debug|Any CPU.ActiveCfg = Debug|Any CPU
		{4D21455D-3E0F-2EB1-ACFC-45D2AAB5124C}.Debug|Any CPU.Build.0 = Debug|Any CPU
		{4D21455D-3E0F-2EB1-ACFC-45D2AAB5124C}.Release|Any CPU.ActiveCfg = Release|Any CPU
		{4D21455D-3E0F-2EB1-ACFC-45D2AAB5124C}.Release|Any CPU.Build.0 = Release|Any CPU
		{52C36255-330F-25B1-ABF2-4DD22AB523A1}.Debug|Any CPU.ActiveCfg = Debug|Any CPU
		{52C36255-330F-25B1-ABF2-4DD22AB523A1}.Debug|Any CPU.Build.0 = Debug|Any CPU
		{52C36255-330F-25B1-ABF2-4DD22AB523A1}.Release|Any CPU.ActiveCfg = Release|Any CPU
		{52C36255-330F-25B1-ABF2-4DD22AB523A1}.Release|Any CPU.Build.0 = Release|Any CPU
		{B233A221-33D1-B521-2B42-4DD22A4523B4}.Debug|Any CPU.ActiveCfg = Debug|Any CPU
		{B233A221-33D1-B521-2B42-4DD22A4523B4}.Debug|Any CPU.Build.0 = Debug|Any CPU
		{B233A221-33D1-B521-2B42-4DD22A4523B4}.Release|Any CPU.ActiveCfg = Release|Any CPU
		{B233A221-33D1-B521-2B42-4DD22A4523B4}.Release|Any CPU.Build.0 = Release|Any CPU
		{C125A251-33F1-C524-2B22-4BD25F4D2312}.Debug|Any CPU.ActiveCfg = Debug|Any CPU
		{C125A251-33F1-C524-2B22-4BD25F4D2312}.Debug|Any CPU.Build.0 = Debug|Any CPU
		{C125A251-33F1-C524-2B22-4BD25F4D2312}.Release|Any CPU.ActiveCfg = Release|Any CPU
		{C125A251-33F1-C524-2B22-4BD25F4D2312}.Release|Any CPU.Build.0 = Release|Any CPU
		{C113B241-33F5-C224-2122-4BC23F4D235F}.Debug|Any CPU.ActiveCfg = Debug|Any CPU
		{C113B241-33F5-C224-2122-4BC23F4D235F}.Debug|Any CPU.Build.0 = Debug|Any CPU
		{C113B241-33F5-C224-2122-4BC23F4D235F}.Release|Any CPU.ActiveCfg = Release|Any CPU
		{C113B241-33F5-C224-2122-4BC23F4D235F}.Release|Any CPU.Build.0 = Release|Any CPU
		{D112BF46-33F5-C224-2122-4BC23F4D2122}.Debug|Any CPU.ActiveCfg = Debug|Any CPU
		{D112BF46-33F5-C224-2122-4BC23F4D2122}.Debug|Any CPU.Build.0 = Debug|Any CPU
		{D112BF46-33F5-C224-2122-4BC23F4D2122}.Release|Any CPU.ActiveCfg = Release|Any CPU
		{D112BF46-33F5-C224-2122-4BC23F4D2122}.Release|Any CPU.Build.0 = Release|Any CPU
		{D124B1F6-3BF5-2124-5172-1BC23F4D216C}.Debug|Any CPU.ActiveCfg = Debug|Any CPU
		{D124B1F6-3BF5-2124-5172-1BC23F4D216C}.Debug|Any CPU.Build.0 = Debug|Any CPU
		{D124B1F6-3BF5-2124-5172-1BC23F4D216C}.Release|Any CPU.ActiveCfg = Release|Any CPU
		{D124B1F6-3BF5-2124-5172-1BC23F4D216C}.Release|Any CPU.Build.0 = Release|Any CPU
	EndGlobalSection
	GlobalSection(SolutionProperties) = preSolution
		HideSolutionNode = FALSE
	EndGlobalSection
EndGlobal
