
Microsoft Visual Studio Solution File, Format Version 12.00
# Visual Studio 15
VisualStudioVersion = 15.0.27130.2036
MinimumVisualStudioVersion = 10.0.40219.1
Project("{FAE04EC0-301F-11D3-BF4B-00C04F79EFBC}") = "Portal", "Portal\Portal.csproj", "{C98000E9-DAED-4F0B-AB4D-543BBEA07FCA}"
EndProject
Project("{FAE04EC0-301F-11D3-BF4B-00C04F79EFBC}") = "DehnadReceiveProcessorService", "DehnadReceiveProcessorService\DehnadReceiveProcessorService.csproj", "{37495619-2577-47B7-A46D-8DFEE103B653}"
EndProject
Project("{FAE04EC0-301F-11D3-BF4B-00C04F79EFBC}") = "DehnadSoltanService", "DehnadSoltanService\DehnadSoltanService.csproj", "{DE2157E6-5C7D-4503-8D24-2A9D83BC5122}"
EndProject
Project("{FAE04EC0-301F-11D3-BF4B-00C04F79EFBC}") = "DehnadDeliveryProcessorService", "DehnadDeliveryProcessorService\DehnadDeliveryProcessorService.csproj", "{46D28F7C-AE3C-44FA-9B8D-2478E4B9E4AA}"
EndProject
Project("{FAE04EC0-301F-11D3-BF4B-00C04F79EFBC}") = "DehnadDonyayeAsatirService", "DehnadDonyayeAsatirService\DehnadDonyayeAsatirService.csproj", "{26CD2F8D-AB6D-43FB-9B8D-2478E4B94124}"
EndProject
Project("{FAE04EC0-301F-11D3-BF4B-00C04F79EFBC}") = "DehnadShahreKalamehService", "DehnadShahreKalamehService\DehnadShahreKalamehService.csproj", "{5D2D1F8C-AB6D-43FB-9C8D-2378E4B94124}"
EndProject
Project("{FAE04EC0-301F-11D3-BF4B-00C04F79EFBC}") = "DehnadSinglechargeDeliveryProcessorService", "DehnadSinglechargeDeliveryProcessorService\DehnadSinglechargeDeliveryProcessorService.csproj", "{136C135D-AB6D-43FB-9C8D-23783459413F}"
EndProject
Project("{FAE04EC0-301F-11D3-BF4B-00C04F79EFBC}") = "DehnadTamlyService", "DehnadTamlyService\DehnadTamlyService.csproj", "{23DC124C-AB6D-43FB-4C82-23C8E4F92135}"
EndProject
Project("{FAE04EC0-301F-11D3-BF4B-00C04F79EFBC}") = "DehnadTamly500Service", "DehnadTamly500Service\DehnadTamly500Service.csproj", "{13DC4142-ABBD-43FB-4C82-231844F921F5}"
EndProject
Project("{FAE04EC0-301F-11D3-BF4B-00C04F79EFBC}") = "DehnadJabehAbzarService", "DehnadJabehAbzarService\DehnadJabehAbzarService.csproj", "{D21C124C-AB6D-F3FB-9C2C-227FE2534535}"
EndProject
Project("{FAE04EC0-301F-11D3-BF4B-00C04F79EFBC}") = "DehnadShenoYadService", "DehnadShenoYadService\DehnadShenoYadService.csproj", "{C23C124D-1B6D-F3FB-9C2C-227FE2534512}"
EndProject
Project("{FAE04EC0-301F-11D3-BF4B-00C04F79EFBC}") = "DehnadShenoYad500Service", "DehnadShenoYad500Service\DehnadShenoYad500Service.csproj", "{123C134D-146D-F3FB-9C2C-2273E4534B5F}"
EndProject
Project("{FAE04EC0-301F-11D3-BF4B-00C04F79EFBC}") = "DehnadFitShowService", "DehnadFitShowService\DehnadFitShowService.csproj", "{D43C223E-1B6D-F3FC-9C2C-22712D534558}"
EndProject
Project("{FAE04EC0-301F-11D3-BF4B-00C04F79EFBC}") = "DehnadTakavarService", "DehnadTakavarService\DehnadTakavarService.csproj", "{5C4C2534-176D-F3FC-9C2C-227128C345F1}"
EndProject
Project("{FAE04EC0-301F-11D3-BF4B-00C04F79EFBC}") = "DehnadMenchBazService", "DehnadMenchBazService\DehnadMenchBazService.csproj", "{2D452F34-176D-F3F1-AC2B-324128C345F1}"
EndProject
Project("{FAE04EC0-301F-11D3-BF4B-00C04F79EFBC}") = "DehnadAvvalPodService", "DehnadAvvalPodService\DehnadAvvalPodService.csproj", "{1C262F36-176F-A2F1-3C24-3B4123C345F5}"
EndProject
Project("{FAE04EC0-301F-11D3-BF4B-00C04F79EFBC}") = "DehnadAvvalPod500Service", "DehnadAvvalPod500Service\DehnadAvvalPod500Service.csproj", "{34262F31-156F-A2F1-3C24-8B4123C34512}"
EndProject
Project("{FAE04EC0-301F-11D3-BF4B-00C04F79EFBC}") = "DehnadAvvalYadService", "DehnadAvvalYadService\DehnadAvvalYadService.csproj", "{1D125336-175F-A2F1-3C23-3B4123C34523}"
EndProject
Project("{FAE04EC0-301F-11D3-BF4B-00C04F79EFBC}") = "DehnadBehAmooz500Service", "DehnadBehAmooz500Service\DehnadBehAmooz500Service.csproj", "{41125336-175F-A2F1-3C23-3D41F3C38545}"
EndProject
Project("{FAE04EC0-301F-11D3-BF4B-00C04F79EFBC}") = "DehnadSoratyService", "DehnadSoratyService\DehnadSoratyService.csproj", "{1D121234-1D24-A2F1-3CD3-31452FC34525}"
EndProject
Project("{FAE04EC0-301F-11D3-BF4B-00C04F79EFBC}") = "DehnadDefendIranService", "DehnadDefendIranService\DehnadDefendIranService.csproj", "{1D122235-5D24-A2C1-3CE3-32457FC83419}"
EndProject
Project("{FAE04EC0-301F-11D3-BF4B-00C04F79EFBC}") = "DehnadTahChinService", "DehnadTahChinService\DehnadTahChinService.csproj", "{1D1252F5-5C24-22C1-3C43-3B457FD83431}"
EndProject
Project("{FAE04EC0-301F-11D3-BF4B-00C04F79EFBC}") = "DehnadNebulaService", "DehnadNebulaService\DehnadNebulaService.csproj", "{2C5232B2-5C24-22C1-3C44-3B454FB83953}"
EndProject
Project("{FAE04EC0-301F-11D3-BF4B-00C04F79EFBC}") = "DehnadDezhbanService", "DehnadDezhbanService\DehnadDezhbanService.csproj", "{A3B23222-4C24-2221-3C44-3145DFBF39A1}"
EndProject
Project("{FAE04EC0-301F-11D3-BF4B-00C04F79EFBC}") = "DehnadMusicYadService", "DehnadMusicYadService\DehnadMusicYadService.csproj", "{2B312224-4C24-2221-4CAB-3114DF3F39BF}"
EndProject
Project("{FAE04EC0-301F-11D3-BF4B-00C04F79EFBC}") = "DehnadPhantomService", "DehnadPhantomService\DehnadPhantomService.csproj", "{1CF15125-4D21-8222-4DA1-3154DB3439C1}"
EndProject
Project("{FAE04EC0-301F-11D3-BF4B-00C04F79EFBC}") = "DehnadMedioService", "DehnadMedioService\DehnadMedioService.csproj", "{1CF14122-4D21-8222-4D51-3D541B3439B8}"
EndProject
Project("{FAE04EC0-301F-11D3-BF4B-00C04F79EFBC}") = "DehnadNotificationService", "DehnadNotificationService\DehnadNotificationService.csproj", "{1DF14122-4D21-8222-4D51-34141B3539C1}"
EndProject
Project("{FAE04EC0-301F-11D3-BF4B-00C04F79EFBC}") = "DehnadDambelService", "DehnadDambelService\DehnadDambelService.csproj", "{2DB14142-1DC1-14B3-8151-341441B5F925}"
EndProject
Project("{FAE04EC0-301F-11D3-BF4B-00C04F79EFBC}") = "DehnadAsemanService", "DehnadAsemanService\DehnadAsemanService.csproj", "{21B14544-1DC1-14B3-8151-3414411CB924}"
EndProject
Project("{FAE04EC0-301F-11D3-BF4B-00C04F79EFBC}") = "DehnadMedadService", "DehnadMedadService\DehnadMedadService.csproj", "{41B14514-1C11-14B3-8151-3414412CB428}"
EndProject
Project("{FAE04EC0-301F-11D3-BF4B-00C04F79EFBC}") = "DehnadPorShetabService", "DehnadPorShetabService\DehnadPorShetabService.csproj", "{45114244-1C11-14B3-8151-5114452CBB2B}"
EndProject
Project("{FAE04EC0-301F-11D3-BF4B-00C04F79EFBC}") = "DehnadTajoTakhtService", "DehnadTajoTakhtService\DehnadTajoTakhtService.csproj", "{15114514-1D11-14B3-3111-51144552BB8B}"
EndProject
Project("{FAE04EC0-301F-11D3-BF4B-00C04F79EFBC}") = "DehnadLahzeyeAkharService", "DehnadLahzeyeAkharService\DehnadLahzeyeAkharService.csproj", "{15114B16-1D11-1453-3111-51144552BB83}"
EndProject
Project("{FAE04EC0-301F-11D3-BF4B-00C04F79EFBC}") = "DehnadHazaranService", "DehnadHazaranService\DehnadHazaranService.csproj", "{4B114B21-1F11-145B-4121-5414455CBB13}"
EndProject
Project("{FAE04EC0-301F-11D3-BF4B-00C04F79EFBC}") = "DehnadJhoobinService", "DehnadJhoobinService\DehnadJhoobinService.csproj", "{4B114B21-1F15-135B-41B1-5114255DBB15}"
EndProject
Project("{FAE04EC0-301F-11D3-BF4B-00C04F79EFBC}") = "DehnadWebServicesPerformanceService", "DehnadWebServicesPerformanceService\DehnadWebServicesPerformanceService.csproj", "{41144125-1F15-135B-C141-F1142552BB29}"
EndProject
Project("{FAE04EC0-301F-11D3-BF4B-00C04F79EFBC}") = "PortalTester", "PortalTester\PortalTester.csproj", "{7D190C53-6694-40C8-8FBE-643C14771526}"
EndProject
Project("{FAE04EC0-301F-11D3-BF4B-00C04F79EFBC}") = "SharedLibrary", "SharedLibrary\SharedLibrary.csproj", "{7C0F0F11-95BD-4606-9A8A-7249FB13A1EE}"
EndProject
Project("{FAE04EC0-301F-11D3-BF4B-00C04F79EFBC}") = "AppPortal", "AppPortal\AppPortal.csproj", "{A24E91F1-DE00-4EB1-A4FD-75D7EA3A5A71}"
EndProject
Project("{FAE04EC0-301F-11D3-BF4B-00C04F79EFBC}") = "JhoobinDambelLibrary", "JhoobinDambelLibrary\JhoobinDambelLibrary.csproj", "{54314515-1421-1533-4351-5134DB5BB441}"
EndProject
Project("{FAE04EC0-301F-11D3-BF4B-00C04F79EFBC}") = "JhoobinMedadLibrary", "JhoobinMedadLibrary\JhoobinMedadLibrary.csproj", "{54314515-1421-1533-4351-5134DB5BB442}"
EndProject
Project("{FAE04EC0-301F-11D3-BF4B-00C04F79EFBC}") = "JhoobinMusicYadLibrary", "JhoobinMusicYadLibrary\JhoobinMusicYadLibrary.csproj", "{54314515-1421-1533-4351-5134DB5BB443}"
EndProject
Project("{FAE04EC0-301F-11D3-BF4B-00C04F79EFBC}") = "JhoobinPinLibrary", "JhoobinPinLibrary\JhoobinPinLibrary.csproj", "{54314515-1421-1533-4351-5134DB5BB444}"
EndProject
Project("{FAE04EC0-301F-11D3-BF4B-00C04F79EFBC}") = "JhoobinPorShetabLibrary", "JhoobinPorShetabLibrary\JhoobinPorShetabLibrary.csproj", "{54314515-1421-1533-4351-5134DB5BB445}"
EndProject
Project("{FAE04EC0-301F-11D3-BF4B-00C04F79EFBC}") = "JhoobinTahChinLibrary", "JhoobinTahChinLibrary\JhoobinTahChinLibrary.csproj", "{54314515-1421-1533-4351-5134DB5BB446}"
EndProject
Project("{FAE04EC0-301F-11D3-BF4B-00C04F79EFBC}") = "DehnadMTNChargeServices", "DehnadMTNChargeServices\DehnadMTNChargeServices.csproj", "{6400D5EE-7007-4B1C-9C96-3B773A8E421B}"
EndProject
Project("{FAE04EC0-301F-11D3-BF4B-00C04F79EFBC}") = "DehnadHalgheService", "DehnadHalgheService\DehnadHalgheService.csproj", "{33D53A12-E468-49D5-AADE-48B148B1B46E}"
EndProject
Project("{FAE04EC0-301F-11D3-BF4B-00C04F79EFBC}") = "SharedShortCodeServiceLibrary", "SharedShortCodeServiceLibrary\SharedShortCodeServiceLibrary.csproj", "{DE3508CE-6D92-450B-A431-4A8F42FCFB3E}"
EndProject
Project("{FAE04EC0-301F-11D3-BF4B-00C04F79EFBC}") = "DehnadAcharService", "DehnadAcharService\DehnadAcharService.csproj", "{574824E7-5CF8-4AFC-9493-645EB6133069}"
EndProject
Project("{FAE04EC0-301F-11D3-BF4B-00C04F79EFBC}") = "DehnadMCIFtpChargingService", "DehnadMCIFtpChargingService\DehnadMCIFtpChargingService.csproj", "{266F2AFA-5753-4183-B00C-C89EBDB8A6BC}"
EndProject
Project("{FAE04EC0-301F-11D3-BF4B-00C04F79EFBC}") = "ChargingLibrary", "ChargingLibrary\ChargingLibrary.csproj", "{A8445FDB-2782-4CF8-90AA-42C6BB9D0CC1}"
EndProject
Project("{FAE04EC0-301F-11D3-BF4B-00C04F79EFBC}") = "BulkLibrary", "BulkLibrary\BulkLibrary.csproj", "{1EA67CFB-B6B6-4DEE-99DE-43FA0A38F93A}"
EndProject
Global
	GlobalSection(SolutionConfigurationPlatforms) = preSolution
		Debug|Any CPU = Debug|Any CPU
		Release|Any CPU = Release|Any CPU
	EndGlobalSection
	GlobalSection(ProjectConfigurationPlatforms) = postSolution
		{C98000E9-DAED-4F0B-AB4D-543BBEA07FCA}.Debug|Any CPU.ActiveCfg = Debug|Any CPU
		{C98000E9-DAED-4F0B-AB4D-543BBEA07FCA}.Debug|Any CPU.Build.0 = Debug|Any CPU
		{C98000E9-DAED-4F0B-AB4D-543BBEA07FCA}.Release|Any CPU.ActiveCfg = Release|Any CPU
		{C98000E9-DAED-4F0B-AB4D-543BBEA07FCA}.Release|Any CPU.Build.0 = Release|Any CPU
		{37495619-2577-47B7-A46D-8DFEE103B653}.Debug|Any CPU.ActiveCfg = Debug|Any CPU
		{37495619-2577-47B7-A46D-8DFEE103B653}.Debug|Any CPU.Build.0 = Debug|Any CPU
		{37495619-2577-47B7-A46D-8DFEE103B653}.Release|Any CPU.ActiveCfg = Release|Any CPU
		{37495619-2577-47B7-A46D-8DFEE103B653}.Release|Any CPU.Build.0 = Release|Any CPU
		{DE2157E6-5C7D-4503-8D24-2A9D83BC5122}.Debug|Any CPU.ActiveCfg = Debug|Any CPU
		{DE2157E6-5C7D-4503-8D24-2A9D83BC5122}.Debug|Any CPU.Build.0 = Debug|Any CPU
		{DE2157E6-5C7D-4503-8D24-2A9D83BC5122}.Release|Any CPU.ActiveCfg = Release|Any CPU
		{DE2157E6-5C7D-4503-8D24-2A9D83BC5122}.Release|Any CPU.Build.0 = Release|Any CPU
		{46D28F7C-AE3C-44FA-9B8D-2478E4B9E4AA}.Debug|Any CPU.ActiveCfg = Debug|Any CPU
		{46D28F7C-AE3C-44FA-9B8D-2478E4B9E4AA}.Debug|Any CPU.Build.0 = Debug|Any CPU
		{46D28F7C-AE3C-44FA-9B8D-2478E4B9E4AA}.Release|Any CPU.ActiveCfg = Release|Any CPU
		{46D28F7C-AE3C-44FA-9B8D-2478E4B9E4AA}.Release|Any CPU.Build.0 = Release|Any CPU
		{26CD2F8D-AB6D-43FB-9B8D-2478E4B94124}.Debug|Any CPU.ActiveCfg = Debug|Any CPU
		{26CD2F8D-AB6D-43FB-9B8D-2478E4B94124}.Debug|Any CPU.Build.0 = Debug|Any CPU
		{26CD2F8D-AB6D-43FB-9B8D-2478E4B94124}.Release|Any CPU.ActiveCfg = Release|Any CPU
		{26CD2F8D-AB6D-43FB-9B8D-2478E4B94124}.Release|Any CPU.Build.0 = Release|Any CPU
		{5D2D1F8C-AB6D-43FB-9C8D-2378E4B94124}.Debug|Any CPU.ActiveCfg = Debug|Any CPU
		{5D2D1F8C-AB6D-43FB-9C8D-2378E4B94124}.Debug|Any CPU.Build.0 = Debug|Any CPU
		{5D2D1F8C-AB6D-43FB-9C8D-2378E4B94124}.Release|Any CPU.ActiveCfg = Release|Any CPU
		{5D2D1F8C-AB6D-43FB-9C8D-2378E4B94124}.Release|Any CPU.Build.0 = Release|Any CPU
		{136C135D-AB6D-43FB-9C8D-23783459413F}.Debug|Any CPU.ActiveCfg = Debug|Any CPU
		{136C135D-AB6D-43FB-9C8D-23783459413F}.Debug|Any CPU.Build.0 = Debug|Any CPU
		{136C135D-AB6D-43FB-9C8D-23783459413F}.Release|Any CPU.ActiveCfg = Release|Any CPU
		{136C135D-AB6D-43FB-9C8D-23783459413F}.Release|Any CPU.Build.0 = Release|Any CPU
		{23DC124C-AB6D-43FB-4C82-23C8E4F92135}.Debug|Any CPU.ActiveCfg = Debug|Any CPU
		{23DC124C-AB6D-43FB-4C82-23C8E4F92135}.Debug|Any CPU.Build.0 = Debug|Any CPU
		{23DC124C-AB6D-43FB-4C82-23C8E4F92135}.Release|Any CPU.ActiveCfg = Release|Any CPU
		{23DC124C-AB6D-43FB-4C82-23C8E4F92135}.Release|Any CPU.Build.0 = Release|Any CPU
		{13DC4142-ABBD-43FB-4C82-231844F921F5}.Debug|Any CPU.ActiveCfg = Debug|Any CPU
		{13DC4142-ABBD-43FB-4C82-231844F921F5}.Debug|Any CPU.Build.0 = Debug|Any CPU
		{13DC4142-ABBD-43FB-4C82-231844F921F5}.Release|Any CPU.ActiveCfg = Release|Any CPU
		{13DC4142-ABBD-43FB-4C82-231844F921F5}.Release|Any CPU.Build.0 = Release|Any CPU
		{D21C124C-AB6D-F3FB-9C2C-227FE2534535}.Debug|Any CPU.ActiveCfg = Debug|Any CPU
		{D21C124C-AB6D-F3FB-9C2C-227FE2534535}.Debug|Any CPU.Build.0 = Debug|Any CPU
		{D21C124C-AB6D-F3FB-9C2C-227FE2534535}.Release|Any CPU.ActiveCfg = Release|Any CPU
		{D21C124C-AB6D-F3FB-9C2C-227FE2534535}.Release|Any CPU.Build.0 = Release|Any CPU
		{C23C124D-1B6D-F3FB-9C2C-227FE2534512}.Debug|Any CPU.ActiveCfg = Debug|Any CPU
		{C23C124D-1B6D-F3FB-9C2C-227FE2534512}.Debug|Any CPU.Build.0 = Debug|Any CPU
		{C23C124D-1B6D-F3FB-9C2C-227FE2534512}.Release|Any CPU.ActiveCfg = Release|Any CPU
		{C23C124D-1B6D-F3FB-9C2C-227FE2534512}.Release|Any CPU.Build.0 = Release|Any CPU
		{123C134D-146D-F3FB-9C2C-2273E4534B5F}.Debug|Any CPU.ActiveCfg = Debug|Any CPU
		{123C134D-146D-F3FB-9C2C-2273E4534B5F}.Debug|Any CPU.Build.0 = Debug|Any CPU
		{123C134D-146D-F3FB-9C2C-2273E4534B5F}.Release|Any CPU.ActiveCfg = Release|Any CPU
		{123C134D-146D-F3FB-9C2C-2273E4534B5F}.Release|Any CPU.Build.0 = Release|Any CPU
		{D43C223E-1B6D-F3FC-9C2C-22712D534558}.Debug|Any CPU.ActiveCfg = Debug|Any CPU
		{D43C223E-1B6D-F3FC-9C2C-22712D534558}.Debug|Any CPU.Build.0 = Debug|Any CPU
		{D43C223E-1B6D-F3FC-9C2C-22712D534558}.Release|Any CPU.ActiveCfg = Release|Any CPU
		{D43C223E-1B6D-F3FC-9C2C-22712D534558}.Release|Any CPU.Build.0 = Release|Any CPU
		{5C4C2534-176D-F3FC-9C2C-227128C345F1}.Debug|Any CPU.ActiveCfg = Debug|Any CPU
		{5C4C2534-176D-F3FC-9C2C-227128C345F1}.Debug|Any CPU.Build.0 = Debug|Any CPU
		{5C4C2534-176D-F3FC-9C2C-227128C345F1}.Release|Any CPU.ActiveCfg = Release|Any CPU
		{5C4C2534-176D-F3FC-9C2C-227128C345F1}.Release|Any CPU.Build.0 = Release|Any CPU
		{2D452F34-176D-F3F1-AC2B-324128C345F1}.Debug|Any CPU.ActiveCfg = Debug|Any CPU
		{2D452F34-176D-F3F1-AC2B-324128C345F1}.Debug|Any CPU.Build.0 = Debug|Any CPU
		{2D452F34-176D-F3F1-AC2B-324128C345F1}.Release|Any CPU.ActiveCfg = Release|Any CPU
		{2D452F34-176D-F3F1-AC2B-324128C345F1}.Release|Any CPU.Build.0 = Release|Any CPU
		{1C262F36-176F-A2F1-3C24-3B4123C345F5}.Debug|Any CPU.ActiveCfg = Debug|Any CPU
		{1C262F36-176F-A2F1-3C24-3B4123C345F5}.Debug|Any CPU.Build.0 = Debug|Any CPU
		{1C262F36-176F-A2F1-3C24-3B4123C345F5}.Release|Any CPU.ActiveCfg = Release|Any CPU
		{1C262F36-176F-A2F1-3C24-3B4123C345F5}.Release|Any CPU.Build.0 = Release|Any CPU
		{34262F31-156F-A2F1-3C24-8B4123C34512}.Debug|Any CPU.ActiveCfg = Debug|Any CPU
		{34262F31-156F-A2F1-3C24-8B4123C34512}.Debug|Any CPU.Build.0 = Debug|Any CPU
		{34262F31-156F-A2F1-3C24-8B4123C34512}.Release|Any CPU.ActiveCfg = Release|Any CPU
		{34262F31-156F-A2F1-3C24-8B4123C34512}.Release|Any CPU.Build.0 = Release|Any CPU
		{1D125336-175F-A2F1-3C23-3B4123C34523}.Debug|Any CPU.ActiveCfg = Debug|Any CPU
		{1D125336-175F-A2F1-3C23-3B4123C34523}.Debug|Any CPU.Build.0 = Debug|Any CPU
		{1D125336-175F-A2F1-3C23-3B4123C34523}.Release|Any CPU.ActiveCfg = Release|Any CPU
		{1D125336-175F-A2F1-3C23-3B4123C34523}.Release|Any CPU.Build.0 = Release|Any CPU
		{41125336-175F-A2F1-3C23-3D41F3C38545}.Debug|Any CPU.ActiveCfg = Debug|Any CPU
		{41125336-175F-A2F1-3C23-3D41F3C38545}.Debug|Any CPU.Build.0 = Debug|Any CPU
		{41125336-175F-A2F1-3C23-3D41F3C38545}.Release|Any CPU.ActiveCfg = Release|Any CPU
		{41125336-175F-A2F1-3C23-3D41F3C38545}.Release|Any CPU.Build.0 = Release|Any CPU
		{1D121234-1D24-A2F1-3CD3-31452FC34525}.Debug|Any CPU.ActiveCfg = Debug|Any CPU
		{1D121234-1D24-A2F1-3CD3-31452FC34525}.Debug|Any CPU.Build.0 = Debug|Any CPU
		{1D121234-1D24-A2F1-3CD3-31452FC34525}.Release|Any CPU.ActiveCfg = Release|Any CPU
		{1D121234-1D24-A2F1-3CD3-31452FC34525}.Release|Any CPU.Build.0 = Release|Any CPU
		{1D122235-5D24-A2C1-3CE3-32457FC83419}.Debug|Any CPU.ActiveCfg = Debug|Any CPU
		{1D122235-5D24-A2C1-3CE3-32457FC83419}.Debug|Any CPU.Build.0 = Debug|Any CPU
		{1D122235-5D24-A2C1-3CE3-32457FC83419}.Release|Any CPU.ActiveCfg = Release|Any CPU
		{1D122235-5D24-A2C1-3CE3-32457FC83419}.Release|Any CPU.Build.0 = Release|Any CPU
		{1D1252F5-5C24-22C1-3C43-3B457FD83431}.Debug|Any CPU.ActiveCfg = Debug|Any CPU
		{1D1252F5-5C24-22C1-3C43-3B457FD83431}.Debug|Any CPU.Build.0 = Debug|Any CPU
		{1D1252F5-5C24-22C1-3C43-3B457FD83431}.Release|Any CPU.ActiveCfg = Release|Any CPU
		{1D1252F5-5C24-22C1-3C43-3B457FD83431}.Release|Any CPU.Build.0 = Release|Any CPU
		{2C5232B2-5C24-22C1-3C44-3B454FB83953}.Debug|Any CPU.ActiveCfg = Debug|Any CPU
		{2C5232B2-5C24-22C1-3C44-3B454FB83953}.Debug|Any CPU.Build.0 = Debug|Any CPU
		{2C5232B2-5C24-22C1-3C44-3B454FB83953}.Release|Any CPU.ActiveCfg = Release|Any CPU
		{2C5232B2-5C24-22C1-3C44-3B454FB83953}.Release|Any CPU.Build.0 = Release|Any CPU
		{A3B23222-4C24-2221-3C44-3145DFBF39A1}.Debug|Any CPU.ActiveCfg = Debug|Any CPU
		{A3B23222-4C24-2221-3C44-3145DFBF39A1}.Debug|Any CPU.Build.0 = Debug|Any CPU
		{A3B23222-4C24-2221-3C44-3145DFBF39A1}.Release|Any CPU.ActiveCfg = Release|Any CPU
		{A3B23222-4C24-2221-3C44-3145DFBF39A1}.Release|Any CPU.Build.0 = Release|Any CPU
		{2B312224-4C24-2221-4CAB-3114DF3F39BF}.Debug|Any CPU.ActiveCfg = Debug|Any CPU
		{2B312224-4C24-2221-4CAB-3114DF3F39BF}.Debug|Any CPU.Build.0 = Debug|Any CPU
		{2B312224-4C24-2221-4CAB-3114DF3F39BF}.Release|Any CPU.ActiveCfg = Release|Any CPU
		{2B312224-4C24-2221-4CAB-3114DF3F39BF}.Release|Any CPU.Build.0 = Release|Any CPU
		{1CF15125-4D21-8222-4DA1-3154DB3439C1}.Debug|Any CPU.ActiveCfg = Debug|Any CPU
		{1CF15125-4D21-8222-4DA1-3154DB3439C1}.Debug|Any CPU.Build.0 = Debug|Any CPU
		{1CF15125-4D21-8222-4DA1-3154DB3439C1}.Release|Any CPU.ActiveCfg = Release|Any CPU
		{1CF15125-4D21-8222-4DA1-3154DB3439C1}.Release|Any CPU.Build.0 = Release|Any CPU
		{1CF14122-4D21-8222-4D51-3D541B3439B8}.Debug|Any CPU.ActiveCfg = Debug|Any CPU
		{1CF14122-4D21-8222-4D51-3D541B3439B8}.Debug|Any CPU.Build.0 = Debug|Any CPU
		{1CF14122-4D21-8222-4D51-3D541B3439B8}.Release|Any CPU.ActiveCfg = Release|Any CPU
		{1CF14122-4D21-8222-4D51-3D541B3439B8}.Release|Any CPU.Build.0 = Release|Any CPU
		{1DF14122-4D21-8222-4D51-34141B3539C1}.Debug|Any CPU.ActiveCfg = Debug|Any CPU
		{1DF14122-4D21-8222-4D51-34141B3539C1}.Debug|Any CPU.Build.0 = Debug|Any CPU
		{1DF14122-4D21-8222-4D51-34141B3539C1}.Release|Any CPU.ActiveCfg = Release|Any CPU
		{1DF14122-4D21-8222-4D51-34141B3539C1}.Release|Any CPU.Build.0 = Release|Any CPU
		{2DB14142-1DC1-14B3-8151-341441B5F925}.Debug|Any CPU.ActiveCfg = Debug|Any CPU
		{2DB14142-1DC1-14B3-8151-341441B5F925}.Debug|Any CPU.Build.0 = Debug|Any CPU
		{2DB14142-1DC1-14B3-8151-341441B5F925}.Release|Any CPU.ActiveCfg = Release|Any CPU
		{2DB14142-1DC1-14B3-8151-341441B5F925}.Release|Any CPU.Build.0 = Release|Any CPU
		{21B14544-1DC1-14B3-8151-3414411CB924}.Debug|Any CPU.ActiveCfg = Debug|Any CPU
		{21B14544-1DC1-14B3-8151-3414411CB924}.Debug|Any CPU.Build.0 = Debug|Any CPU
		{21B14544-1DC1-14B3-8151-3414411CB924}.Release|Any CPU.ActiveCfg = Release|Any CPU
		{21B14544-1DC1-14B3-8151-3414411CB924}.Release|Any CPU.Build.0 = Release|Any CPU
		{41B14514-1C11-14B3-8151-3414412CB428}.Debug|Any CPU.ActiveCfg = Debug|Any CPU
		{41B14514-1C11-14B3-8151-3414412CB428}.Debug|Any CPU.Build.0 = Debug|Any CPU
		{41B14514-1C11-14B3-8151-3414412CB428}.Release|Any CPU.ActiveCfg = Release|Any CPU
		{41B14514-1C11-14B3-8151-3414412CB428}.Release|Any CPU.Build.0 = Release|Any CPU
		{45114244-1C11-14B3-8151-5114452CBB2B}.Debug|Any CPU.ActiveCfg = Debug|Any CPU
		{45114244-1C11-14B3-8151-5114452CBB2B}.Debug|Any CPU.Build.0 = Debug|Any CPU
		{45114244-1C11-14B3-8151-5114452CBB2B}.Release|Any CPU.ActiveCfg = Release|Any CPU
		{45114244-1C11-14B3-8151-5114452CBB2B}.Release|Any CPU.Build.0 = Release|Any CPU
		{15114514-1D11-14B3-3111-51144552BB8B}.Debug|Any CPU.ActiveCfg = Debug|Any CPU
		{15114514-1D11-14B3-3111-51144552BB8B}.Debug|Any CPU.Build.0 = Debug|Any CPU
		{15114514-1D11-14B3-3111-51144552BB8B}.Release|Any CPU.ActiveCfg = Release|Any CPU
		{15114514-1D11-14B3-3111-51144552BB8B}.Release|Any CPU.Build.0 = Release|Any CPU
		{15114B16-1D11-1453-3111-51144552BB83}.Debug|Any CPU.ActiveCfg = Debug|Any CPU
		{15114B16-1D11-1453-3111-51144552BB83}.Debug|Any CPU.Build.0 = Debug|Any CPU
		{15114B16-1D11-1453-3111-51144552BB83}.Release|Any CPU.ActiveCfg = Release|Any CPU
		{15114B16-1D11-1453-3111-51144552BB83}.Release|Any CPU.Build.0 = Release|Any CPU
		{4B114B21-1F11-145B-4121-5414455CBB13}.Debug|Any CPU.ActiveCfg = Debug|Any CPU
		{4B114B21-1F11-145B-4121-5414455CBB13}.Debug|Any CPU.Build.0 = Debug|Any CPU
		{4B114B21-1F11-145B-4121-5414455CBB13}.Release|Any CPU.ActiveCfg = Release|Any CPU
		{4B114B21-1F11-145B-4121-5414455CBB13}.Release|Any CPU.Build.0 = Release|Any CPU
		{4B114B21-1F15-135B-41B1-5114255DBB15}.Debug|Any CPU.ActiveCfg = Debug|Any CPU
		{4B114B21-1F15-135B-41B1-5114255DBB15}.Debug|Any CPU.Build.0 = Debug|Any CPU
		{4B114B21-1F15-135B-41B1-5114255DBB15}.Release|Any CPU.ActiveCfg = Release|Any CPU
		{4B114B21-1F15-135B-41B1-5114255DBB15}.Release|Any CPU.Build.0 = Release|Any CPU
		{41144125-1F15-135B-C141-F1142552BB29}.Debug|Any CPU.ActiveCfg = Debug|Any CPU
		{41144125-1F15-135B-C141-F1142552BB29}.Debug|Any CPU.Build.0 = Debug|Any CPU
		{41144125-1F15-135B-C141-F1142552BB29}.Release|Any CPU.ActiveCfg = Release|Any CPU
		{41144125-1F15-135B-C141-F1142552BB29}.Release|Any CPU.Build.0 = Release|Any CPU
		{7D190C53-6694-40C8-8FBE-643C14771526}.Debug|Any CPU.ActiveCfg = Debug|Any CPU
		{7D190C53-6694-40C8-8FBE-643C14771526}.Debug|Any CPU.Build.0 = Debug|Any CPU
		{7D190C53-6694-40C8-8FBE-643C14771526}.Release|Any CPU.ActiveCfg = Release|Any CPU
		{7D190C53-6694-40C8-8FBE-643C14771526}.Release|Any CPU.Build.0 = Release|Any CPU
		{7C0F0F11-95BD-4606-9A8A-7249FB13A1EE}.Debug|Any CPU.ActiveCfg = Debug|Any CPU
		{7C0F0F11-95BD-4606-9A8A-7249FB13A1EE}.Debug|Any CPU.Build.0 = Debug|Any CPU
		{7C0F0F11-95BD-4606-9A8A-7249FB13A1EE}.Release|Any CPU.ActiveCfg = Release|Any CPU
		{7C0F0F11-95BD-4606-9A8A-7249FB13A1EE}.Release|Any CPU.Build.0 = Release|Any CPU
		{A24E91F1-DE00-4EB1-A4FD-75D7EA3A5A71}.Debug|Any CPU.ActiveCfg = Debug|Any CPU
		{A24E91F1-DE00-4EB1-A4FD-75D7EA3A5A71}.Debug|Any CPU.Build.0 = Debug|Any CPU
		{A24E91F1-DE00-4EB1-A4FD-75D7EA3A5A71}.Release|Any CPU.ActiveCfg = Release|Any CPU
		{A24E91F1-DE00-4EB1-A4FD-75D7EA3A5A71}.Release|Any CPU.Build.0 = Release|Any CPU
		{54314515-1421-1533-4351-5134DB5BB441}.Debug|Any CPU.ActiveCfg = Debug|Any CPU
		{54314515-1421-1533-4351-5134DB5BB441}.Debug|Any CPU.Build.0 = Debug|Any CPU
		{54314515-1421-1533-4351-5134DB5BB441}.Release|Any CPU.ActiveCfg = Release|Any CPU
		{54314515-1421-1533-4351-5134DB5BB441}.Release|Any CPU.Build.0 = Release|Any CPU
		{54314515-1421-1533-4351-5134DB5BB442}.Debug|Any CPU.ActiveCfg = Debug|Any CPU
		{54314515-1421-1533-4351-5134DB5BB442}.Debug|Any CPU.Build.0 = Debug|Any CPU
		{54314515-1421-1533-4351-5134DB5BB442}.Release|Any CPU.ActiveCfg = Release|Any CPU
		{54314515-1421-1533-4351-5134DB5BB442}.Release|Any CPU.Build.0 = Release|Any CPU
		{54314515-1421-1533-4351-5134DB5BB443}.Debug|Any CPU.ActiveCfg = Debug|Any CPU
		{54314515-1421-1533-4351-5134DB5BB443}.Debug|Any CPU.Build.0 = Debug|Any CPU
		{54314515-1421-1533-4351-5134DB5BB443}.Release|Any CPU.ActiveCfg = Release|Any CPU
		{54314515-1421-1533-4351-5134DB5BB443}.Release|Any CPU.Build.0 = Release|Any CPU
		{54314515-1421-1533-4351-5134DB5BB444}.Debug|Any CPU.ActiveCfg = Debug|Any CPU
		{54314515-1421-1533-4351-5134DB5BB444}.Debug|Any CPU.Build.0 = Debug|Any CPU
		{54314515-1421-1533-4351-5134DB5BB444}.Release|Any CPU.ActiveCfg = Release|Any CPU
		{54314515-1421-1533-4351-5134DB5BB444}.Release|Any CPU.Build.0 = Release|Any CPU
		{54314515-1421-1533-4351-5134DB5BB445}.Debug|Any CPU.ActiveCfg = Debug|Any CPU
		{54314515-1421-1533-4351-5134DB5BB445}.Debug|Any CPU.Build.0 = Debug|Any CPU
		{54314515-1421-1533-4351-5134DB5BB445}.Release|Any CPU.ActiveCfg = Release|Any CPU
		{54314515-1421-1533-4351-5134DB5BB445}.Release|Any CPU.Build.0 = Release|Any CPU
		{54314515-1421-1533-4351-5134DB5BB446}.Debug|Any CPU.ActiveCfg = Debug|Any CPU
		{54314515-1421-1533-4351-5134DB5BB446}.Debug|Any CPU.Build.0 = Debug|Any CPU
		{54314515-1421-1533-4351-5134DB5BB446}.Release|Any CPU.ActiveCfg = Release|Any CPU
		{54314515-1421-1533-4351-5134DB5BB446}.Release|Any CPU.Build.0 = Release|Any CPU
		{6400D5EE-7007-4B1C-9C96-3B773A8E421B}.Debug|Any CPU.ActiveCfg = Debug|Any CPU
		{6400D5EE-7007-4B1C-9C96-3B773A8E421B}.Debug|Any CPU.Build.0 = Debug|Any CPU
		{6400D5EE-7007-4B1C-9C96-3B773A8E421B}.Release|Any CPU.ActiveCfg = Release|Any CPU
		{6400D5EE-7007-4B1C-9C96-3B773A8E421B}.Release|Any CPU.Build.0 = Release|Any CPU
		{33D53A12-E468-49D5-AADE-48B148B1B46E}.Debug|Any CPU.ActiveCfg = Debug|Any CPU
		{33D53A12-E468-49D5-AADE-48B148B1B46E}.Debug|Any CPU.Build.0 = Debug|Any CPU
		{33D53A12-E468-49D5-AADE-48B148B1B46E}.Release|Any CPU.ActiveCfg = Release|Any CPU
		{33D53A12-E468-49D5-AADE-48B148B1B46E}.Release|Any CPU.Build.0 = Release|Any CPU
		{DE3508CE-6D92-450B-A431-4A8F42FCFB3E}.Debug|Any CPU.ActiveCfg = Debug|Any CPU
		{DE3508CE-6D92-450B-A431-4A8F42FCFB3E}.Debug|Any CPU.Build.0 = Debug|Any CPU
		{DE3508CE-6D92-450B-A431-4A8F42FCFB3E}.Release|Any CPU.ActiveCfg = Release|Any CPU
		{DE3508CE-6D92-450B-A431-4A8F42FCFB3E}.Release|Any CPU.Build.0 = Release|Any CPU
		{574824E7-5CF8-4AFC-9493-645EB6133069}.Debug|Any CPU.ActiveCfg = Debug|Any CPU
		{574824E7-5CF8-4AFC-9493-645EB6133069}.Debug|Any CPU.Build.0 = Debug|Any CPU
		{574824E7-5CF8-4AFC-9493-645EB6133069}.Release|Any CPU.ActiveCfg = Release|Any CPU
		{574824E7-5CF8-4AFC-9493-645EB6133069}.Release|Any CPU.Build.0 = Release|Any CPU
		{266F2AFA-5753-4183-B00C-C89EBDB8A6BC}.Debug|Any CPU.ActiveCfg = Debug|Any CPU
		{266F2AFA-5753-4183-B00C-C89EBDB8A6BC}.Debug|Any CPU.Build.0 = Debug|Any CPU
		{266F2AFA-5753-4183-B00C-C89EBDB8A6BC}.Release|Any CPU.ActiveCfg = Release|Any CPU
		{266F2AFA-5753-4183-B00C-C89EBDB8A6BC}.Release|Any CPU.Build.0 = Release|Any CPU
		{A8445FDB-2782-4CF8-90AA-42C6BB9D0CC1}.Debug|Any CPU.ActiveCfg = Debug|Any CPU
		{A8445FDB-2782-4CF8-90AA-42C6BB9D0CC1}.Debug|Any CPU.Build.0 = Debug|Any CPU
		{A8445FDB-2782-4CF8-90AA-42C6BB9D0CC1}.Release|Any CPU.ActiveCfg = Release|Any CPU
		{A8445FDB-2782-4CF8-90AA-42C6BB9D0CC1}.Release|Any CPU.Build.0 = Release|Any CPU
		{1EA67CFB-B6B6-4DEE-99DE-43FA0A38F93A}.Debug|Any CPU.ActiveCfg = Debug|Any CPU
		{1EA67CFB-B6B6-4DEE-99DE-43FA0A38F93A}.Debug|Any CPU.Build.0 = Debug|Any CPU
		{1EA67CFB-B6B6-4DEE-99DE-43FA0A38F93A}.Release|Any CPU.ActiveCfg = Release|Any CPU
		{1EA67CFB-B6B6-4DEE-99DE-43FA0A38F93A}.Release|Any CPU.Build.0 = Release|Any CPU
	EndGlobalSection
	GlobalSection(SolutionProperties) = preSolution
		HideSolutionNode = FALSE
	EndGlobalSection
	GlobalSection(ExtensibilityGlobals) = postSolution
		SolutionGuid = {F3F5C6CA-EA7E-4ABB-B228-7E4CB26B2BCB}
	EndGlobalSection
EndGlobal
